{
  "name": "@json-feed-types/1_1",
  "version": "1.0.0",
  "lockfileVersion": 2,
  "requires": true,
  "packages": {
    "": {
      "name": "@json-feed-types/1_1",
      "version": "1.0.0",
      "license": "ISC",
      "devDependencies": {
        "type-fest": "^2.3.4"
      }
    },
    "node_modules/type-fest": {
      "version": "2.3.4",
      "resolved": "https://registry.npmjs.org/type-fest/-/type-fest-2.3.4.tgz",
      "integrity": "sha512-2UdQc7cx8F4Ky81Xj7NYQKPhZVtDFbtorrkairIW66rW7xQj5msAhioXa04HqEdP4MD4K2G6QAF7Zyiw/Hju1Q==",
      "dev": true,
      "engines": {
        "node": ">=12.20"
      },
      "funding": {
        "url": "https://github.com/sponsors/sindresorhus"
      }
    }
  },
  "dependencies": {
    "type-fest": {
      "version": "2.3.4",
      "resolved": "https://registry.npmjs.org/type-fest/-/type-fest-2.3.4.tgz",
      "integrity": "sha512-2UdQc7cx8F4Ky81Xj7NYQKPhZVtDFbtorrkairIW66rW7xQj5msAhioXa04HqEdP4MD4K2G6QAF7Zyiw/Hju1Q==",
      "dev": true
    }
  }
}
