{
  "name": "@json-feed-types/root",
  "lockfileVersion": 2,
  "requires": true,
  "packages": {
    "": {
      "name": "@json-feed-types/root",
      "workspaces": [
        "packages/*"
      ],
      "devDependencies": {
        "prettier": "^2.4.1"
      }
    },
    "node_modules/@json-feed-types/1_1": {
      "resolved": "packages/1_1",
      "link": true
    },
    "node_modules/@json-feed-types/common": {
      "resolved": "packages/common",
      "link": true
    },
    "node_modules/prettier": {
      "version": "2.4.1",
      "resolved": "https://registry.npmjs.org/prettier/-/prettier-2.4.1.tgz",
      "integrity": "sha512-9fbDAXSBcc6Bs1mZrDYb3XKzDLm4EXXL9sC1LqKP5rZkT6KRr/rf9amVUcODVXgguK/isJz0d0hP72WeaKWsvA==",
      "dev": true,
      "bin": {
        "prettier": "bin-prettier.js"
      },
      "engines": {
        "node": ">=10.13.0"
      }
    },
    "node_modules/type-fest": {
      "version": "2.3.4",
      "resolved": "https://registry.npmjs.org/type-fest/-/type-fest-2.3.4.tgz",
      "integrity": "sha512-2UdQc7cx8F4Ky81Xj7NYQKPhZVtDFbtorrkairIW66rW7xQj5msAhioXa04HqEdP4MD4K2G6QAF7Zyiw/Hju1Q==",
      "engines": {
        "node": ">=12.20"
      },
      "funding": {
        "url": "https://github.com/sponsors/sindresorhus"
      }
    },
    "packages/1_1": {
      "name": "@json-feed-types/1_1",
      "version": "1.0.1",
      "license": "ISC",
      "dependencies": {
        "@json-feed-types/common": "^1.0.1",
        "type-fest": "^2.3.4"
      }
    },
    "packages/common": {
      "name": "@json-feed-types/common",
      "version": "1.0.1",
      "license": "ISC",
      "devDependencies": {}
    }
  },
  "dependencies": {
    "@json-feed-types/1_1": {
      "version": "file:packages/1_1",
      "requires": {
        "@json-feed-types/common": "^1.0.1",
        "type-fest": "^2.3.4"
      }
    },
    "@json-feed-types/common": {
      "version": "file:packages/common"
    },
    "prettier": {
      "version": "2.4.1",
      "resolved": "https://registry.npmjs.org/prettier/-/prettier-2.4.1.tgz",
      "integrity": "sha512-9fbDAXSBcc6Bs1mZrDYb3XKzDLm4EXXL9sC1LqKP5rZkT6KRr/rf9amVUcODVXgguK/isJz0d0hP72WeaKWsvA==",
      "dev": true
    },
    "type-fest": {
      "version": "2.3.4",
      "resolved": "https://registry.npmjs.org/type-fest/-/type-fest-2.3.4.tgz",
      "integrity": "sha512-2UdQc7cx8F4Ky81Xj7NYQKPhZVtDFbtorrkairIW66rW7xQj5msAhioXa04HqEdP4MD4K2G6QAF7Zyiw/Hju1Q=="
    }
  }
}
